
Microsoft Visual Studio Solution File, Format Version 12.00
# Visual Studio 15
VisualStudioVersion = 15.0.28010.2016
MinimumVisualStudioVersion = 10.0.40219.1
Project("{FAE04EC0-301F-11D3-BF4B-00C04F79EFBC}") = "A11", "A11\A11.csproj", "{B3A7EEA9-23D1-44E5-B863-7C0558DF9C60}"
EndProject
Project("{FAE04EC0-301F-11D3-BF4B-00C04F79EFBC}") = "TestCommon", "..\Common\TestCommon\TestCommon.csproj", "{C39FF0C4-6960-42AD-8E2C-D2CAFE850A52}"
EndProject
Project("{FAE04EC0-301F-11D3-BF4B-00C04F79EFBC}") = "A11Tests", "A11Tests\A11Tests.csproj", "{C4ECDE02-816E-43EF-BE5D-A6D08C56A95B}"
EndProject
Global
	GlobalSection(SolutionConfigurationPlatforms) = preSolution
		Debug|Any CPU = Debug|Any CPU
		Release|Any CPU = Release|Any CPU
	EndGlobalSection
	GlobalSection(ProjectConfigurationPlatforms) = postSolution
		{B3A7EEA9-23D1-44E5-B863-7C0558DF9C60}.Debug|Any CPU.ActiveCfg = Debug|Any CPU
		{B3A7EEA9-23D1-44E5-B863-7C0558DF9C60}.Debug|Any CPU.Build.0 = Debug|Any CPU
		{B3A7EEA9-23D1-44E5-B863-7C0558DF9C60}.Release|Any CPU.ActiveCfg = Release|Any CPU
		{B3A7EEA9-23D1-44E5-B863-7C0558DF9C60}.Release|Any CPU.Build.0 = Release|Any CPU
		{C39FF0C4-6960-42AD-8E2C-D2CAFE850A52}.Debug|Any CPU.ActiveCfg = Debug|Any CPU
		{C39FF0C4-6960-42AD-8E2C-D2CAFE850A52}.Debug|Any CPU.Build.0 = Debug|Any CPU
		{C39FF0C4-6960-42AD-8E2C-D2CAFE850A52}.Release|Any CPU.ActiveCfg = Release|Any CPU
		{C39FF0C4-6960-42AD-8E2C-D2CAFE850A52}.Release|Any CPU.Build.0 = Release|Any CPU
		{C4ECDE02-816E-43EF-BE5D-A6D08C56A95B}.Debug|Any CPU.ActiveCfg = Debug|Any CPU
		{C4ECDE02-816E-43EF-BE5D-A6D08C56A95B}.Debug|Any CPU.Build.0 = Debug|Any CPU
		{C4ECDE02-816E-43EF-BE5D-A6D08C56A95B}.Release|Any CPU.ActiveCfg = Release|Any CPU
		{C4ECDE02-816E-43EF-BE5D-A6D08C56A95B}.Release|Any CPU.Build.0 = Release|Any CPU
	EndGlobalSection
	GlobalSection(SolutionProperties) = preSolution
		HideSolutionNode = FALSE
	EndGlobalSection
	GlobalSection(ExtensibilityGlobals) = postSolution
		SolutionGuid = {C3E09638-C5FD-4BE3-BB6F-DA23AD9585A4}
	EndGlobalSection
EndGlobal
