
Microsoft Visual Studio Solution File, Format Version 12.00
# Visual Studio 15
VisualStudioVersion = 15.0.28010.2016
MinimumVisualStudioVersion = 10.0.40219.1
Project("{FAE04EC0-301F-11D3-BF4B-00C04F79EFBC}") = "A1", "A1\A1.csproj", "{175CB269-1FED-4FDE-9986-87FCC7B7C81B}"
EndProject
Project("{FAE04EC0-301F-11D3-BF4B-00C04F79EFBC}") = "A1Tests", "A1Tests\A1Tests.csproj", "{C4D67BD1-CE33-41F8-B471-3FD0D7C4E749}"
EndProject
Project("{FAE04EC0-301F-11D3-BF4B-00C04F79EFBC}") = "TestCommon", "..\TestCommon\TestCommon.csproj", "{C39FF0C4-6960-42AD-8E2C-D2CAFE850A52}"
EndProject
Global
	GlobalSection(SolutionConfigurationPlatforms) = preSolution
		Debug|Any CPU = Debug|Any CPU
		Release|Any CPU = Release|Any CPU
	EndGlobalSection
	GlobalSection(ProjectConfigurationPlatforms) = postSolution
		{175CB269-1FED-4FDE-9986-87FCC7B7C81B}.Debug|Any CPU.ActiveCfg = Debug|Any CPU
		{175CB269-1FED-4FDE-9986-87FCC7B7C81B}.Debug|Any CPU.Build.0 = Debug|Any CPU
		{175CB269-1FED-4FDE-9986-87FCC7B7C81B}.Release|Any CPU.ActiveCfg = Release|Any CPU
		{175CB269-1FED-4FDE-9986-87FCC7B7C81B}.Release|Any CPU.Build.0 = Release|Any CPU
		{C4D67BD1-CE33-41F8-B471-3FD0D7C4E749}.Debug|Any CPU.ActiveCfg = Debug|Any CPU
		{C4D67BD1-CE33-41F8-B471-3FD0D7C4E749}.Debug|Any CPU.Build.0 = Debug|Any CPU
		{C4D67BD1-CE33-41F8-B471-3FD0D7C4E749}.Release|Any CPU.ActiveCfg = Release|Any CPU
		{C4D67BD1-CE33-41F8-B471-3FD0D7C4E749}.Release|Any CPU.Build.0 = Release|Any CPU
		{C39FF0C4-6960-42AD-8E2C-D2CAFE850A52}.Debug|Any CPU.ActiveCfg = Debug|Any CPU
		{C39FF0C4-6960-42AD-8E2C-D2CAFE850A52}.Debug|Any CPU.Build.0 = Debug|Any CPU
		{C39FF0C4-6960-42AD-8E2C-D2CAFE850A52}.Release|Any CPU.ActiveCfg = Release|Any CPU
		{C39FF0C4-6960-42AD-8E2C-D2CAFE850A52}.Release|Any CPU.Build.0 = Release|Any CPU
	EndGlobalSection
	GlobalSection(SolutionProperties) = preSolution
		HideSolutionNode = FALSE
	EndGlobalSection
	GlobalSection(ExtensibilityGlobals) = postSolution
		SolutionGuid = {1BF19052-AB3F-4F85-A247-9FAFF15BA9AB}
	EndGlobalSection
EndGlobal
