
Microsoft Visual Studio Solution File, Format Version 12.00
# Visual Studio 15
VisualStudioVersion = 15.0.28010.2016
MinimumVisualStudioVersion = 10.0.40219.1
Project("{FAE04EC0-301F-11D3-BF4B-00C04F79EFBC}") = "A3", "A3\A3.csproj", "{E0D657BC-17BC-43FB-896E-6469AC81D4C7}"
EndProject
Project("{FAE04EC0-301F-11D3-BF4B-00C04F79EFBC}") = "A3Tests", "A3Tests\A3Tests.csproj", "{60416DF6-69A6-446D-AC5F-A0CE35982E1A}"
EndProject
Project("{FAE04EC0-301F-11D3-BF4B-00C04F79EFBC}") = "TestCommon", "..\Common\TestCommon\TestCommon.csproj", "{C39FF0C4-6960-42AD-8E2C-D2CAFE850A52}"
EndProject
Global
	GlobalSection(SolutionConfigurationPlatforms) = preSolution
		Debug|Any CPU = Debug|Any CPU
		Release|Any CPU = Release|Any CPU
	EndGlobalSection
	GlobalSection(ProjectConfigurationPlatforms) = postSolution
		{E0D657BC-17BC-43FB-896E-6469AC81D4C7}.Debug|Any CPU.ActiveCfg = Debug|Any CPU
		{E0D657BC-17BC-43FB-896E-6469AC81D4C7}.Debug|Any CPU.Build.0 = Debug|Any CPU
		{E0D657BC-17BC-43FB-896E-6469AC81D4C7}.Release|Any CPU.ActiveCfg = Release|Any CPU
		{E0D657BC-17BC-43FB-896E-6469AC81D4C7}.Release|Any CPU.Build.0 = Release|Any CPU
		{60416DF6-69A6-446D-AC5F-A0CE35982E1A}.Debug|Any CPU.ActiveCfg = Debug|Any CPU
		{60416DF6-69A6-446D-AC5F-A0CE35982E1A}.Debug|Any CPU.Build.0 = Debug|Any CPU
		{60416DF6-69A6-446D-AC5F-A0CE35982E1A}.Release|Any CPU.ActiveCfg = Release|Any CPU
		{60416DF6-69A6-446D-AC5F-A0CE35982E1A}.Release|Any CPU.Build.0 = Release|Any CPU
		{C39FF0C4-6960-42AD-8E2C-D2CAFE850A52}.Debug|Any CPU.ActiveCfg = Debug|Any CPU
		{C39FF0C4-6960-42AD-8E2C-D2CAFE850A52}.Debug|Any CPU.Build.0 = Debug|Any CPU
		{C39FF0C4-6960-42AD-8E2C-D2CAFE850A52}.Release|Any CPU.ActiveCfg = Release|Any CPU
		{C39FF0C4-6960-42AD-8E2C-D2CAFE850A52}.Release|Any CPU.Build.0 = Release|Any CPU
	EndGlobalSection
	GlobalSection(SolutionProperties) = preSolution
		HideSolutionNode = FALSE
	EndGlobalSection
	GlobalSection(ExtensibilityGlobals) = postSolution
		SolutionGuid = {360BD896-D90D-4424-8EAD-8B0F48F82C31}
	EndGlobalSection
EndGlobal
